// !$*UTF8*$!
{
	archiveVersion = 1;
	classes = {
	};
	objectVersion = 77;
	objects = {

/* Begin PBXContainerItemProxy section */
		22BFDBAD2E12F47100FBB7AF /* PBXContainerItemProxy */ = {
			isa = PBXContainerItemProxy;
			containerPortal = 22BFDB942E12F46900FBB7AF /* Project object */;
			proxyType = 1;
			remoteGlobalIDString = 22BFDB9B2E12F46900FBB7AF;
			remoteInfo = Freysa;
		};
		22BFDBB72E12F47100FBB7AF /* PBXContainerItemProxy */ = {
			isa = PBXContainerItemProxy;
			containerPortal = 22BFDB942E12F46900FBB7AF /* Project object */;
			proxyType = 1;
			remoteGlobalIDString = 22BFDB9B2E12F46900FBB7AF;
			remoteInfo = Freysa;
		};
/* End PBXContainerItemProxy section */

/* Begin PBXFileReference section */
		22BFDB9C2E12F46900FBB7AF /* Freysa.app */ = {isa = PBXFileReference; explicitFileType = wrapper.application; includeInIndex = 0; path = Freysa.app; sourceTree = BUILT_PRODUCTS_DIR; };
		22BFDBAC2E12F47100FBB7AF /* FreysaTests.xctest */ = {isa = PBXFileReference; explicitFileType = wrapper.cfbundle; includeInIndex = 0; path = FreysaTests.xctest; sourceTree = BUILT_PRODUCTS_DIR; };
		22BFDBB62E12F47100FBB7AF /* FreysaUITests.xctest */ = {isa = PBXFileReference; explicitFileType = wrapper.cfbundle; includeInIndex = 0; path = FreysaUITests.xctest; sourceTree = BUILT_PRODUCTS_DIR; };
/* End PBXFileReference section */

/* Begin PBXFileSystemSynchronizedRootGroup section */
		22BFDB9E2E12F46900FBB7AF /* Freysa */ = {
			isa = PBXFileSystemSynchronizedRootGroup;
			path = Freysa;
			sourceTree = "<group>";
		};
		22BFDBAF2E12F47100FBB7AF /* FreysaTests */ = {
			isa = PBXFileSystemSynchronizedRootGroup;
			path = FreysaTests;
			sourceTree = "<group>";
		};
		22BFDBB92E12F47100FBB7AF /* FreysaUITests */ = {
			isa = PBXFileSystemSynchronizedRootGroup;
			path = FreysaUITests;
			sourceTree = "<group>";
		};
/* End PBXFileSystemSynchronizedRootGroup section */

/* Begin PBXFrameworksBuildPhase section */
		22BFDB992E12F46900FBB7AF /* Frameworks */ = {
			isa = PBXFrameworksBuildPhase;
			buildActionMask = 2147483647;
			files = (
			);
			runOnlyForDeploymentPostprocessing = 0;
		};
		22BFDBA92E12F47100FBB7AF /* Frameworks */ = {
			isa = PBXFrameworksBuildPhase;
			buildActionMask = 2147483647;
			files = (
			);
			runOnlyForDeploymentPostprocessing = 0;
		};
		22BFDBB32E12F47100FBB7AF /* Frameworks */ = {
			isa = PBXFrameworksBuildPhase;
			buildActionMask = 2147483647;
			files = (
			);
			runOnlyForDeploymentPostprocessing = 0;
		};
/* End PBXFrameworksBuildPhase section */

/* Begin PBXGroup section */
		22BFDB932E12F46900FBB7AF = {
			isa = PBXGroup;
			children = (
				22BFDB9E2E12F46900FBB7AF /* Freysa */,
				22BFDBAF2E12F47100FBB7AF /* FreysaTests */,
				22BFDBB92E12F47100FBB7AF /* FreysaUITests */,
				22BFDB9D2E12F46900FBB7AF /* Products */,
			);
			sourceTree = "<group>";
		};
		22BFDB9D2E12F46900FBB7AF /* Products */ = {
			isa = PBXGroup;
			children = (
				22BFDB9C2E12F46900FBB7AF /* Freysa.app */,
				22BFDBAC2E12F47100FBB7AF /* FreysaTests.xctest */,
				22BFDBB62E12F47100FBB7AF /* FreysaUITests.xctest */,
			);
			name = Products;
			sourceTree = "<group>";
		};
/* End PBXGroup section */

/* Begin PBXNativeTarget section */
		22BFDB9B2E12F46900FBB7AF /* Freysa */ = {
			isa = PBXNativeTarget;
			buildConfigurationList = 22BFDBC02E12F47100FBB7AF /* Build configuration list for PBXNativeTarget "Freysa" */;
			buildPhases = (
				22BFDB982E12F46900FBB7AF /* Sources */,
				22BFDB992E12F46900FBB7AF /* Frameworks */,
				22BFDB9A2E12F46900FBB7AF /* Resources */,
			);
			buildRules = (
			);
			dependencies = (
			);
			fileSystemSynchronizedGroups = (
				22BFDB9E2E12F46900FBB7AF /* Freysa */,
			);
			name = Freysa;
			packageProductDependencies = (
			);
			productName = Freysa;
			productReference = 22BFDB9C2E12F46900FBB7AF /* Freysa.app */;
			productType = "com.apple.product-type.application";
		};
		22BFDBAB2E12F47100FBB7AF /* FreysaTests */ = {
			isa = PBXNativeTarget;
			buildConfigurationList = 22BFDBC32E12F47100FBB7AF /* Build configuration list for PBXNativeTarget "FreysaTests" */;
			buildPhases = (
				22BFDBA82E12F47100FBB7AF /* Sources */,
				22BFDBA92E12F47100FBB7AF /* Frameworks */,
				22BFDBAA2E12F47100FBB7AF /* Resources */,
			);
			buildRules = (
			);
			dependencies = (
				22BFDBAE2E12F47100FBB7AF /* PBXTargetDependency */,
			);
			fileSystemSynchronizedGroups = (
				22BFDBAF2E12F47100FBB7AF /* FreysaTests */,
			);
			name = FreysaTests;
			packageProductDependencies = (
			);
			productName = FreysaTests;
			productReference = 22BFDBAC2E12F47100FBB7AF /* FreysaTests.xctest */;
			productType = "com.apple.product-type.bundle.unit-test";
		};
		22BFDBB52E12F47100FBB7AF /* FreysaUITests */ = {
			isa = PBXNativeTarget;
			buildConfigurationList = 22BFDBC62E12F47100FBB7AF /* Build configuration list for PBXNativeTarget "FreysaUITests" */;
			buildPhases = (
				22BFDBB22E12F47100FBB7AF /* Sources */,
				22BFDBB32E12F47100FBB7AF /* Frameworks */,
				22BFDBB42E12F47100FBB7AF /* Resources */,
			);
			buildRules = (
			);
			dependencies = (
				22BFDBB82E12F47100FBB7AF /* PBXTargetDependency */,
			);
			fileSystemSynchronizedGroups = (
				22BFDBB92E12F47100FBB7AF /* FreysaUITests */,
			);
			name = FreysaUITests;
			packageProductDependencies = (
			);
			productName = FreysaUITests;
			productReference = 22BFDBB62E12F47100FBB7AF /* FreysaUITests.xctest */;
			productType = "com.apple.product-type.bundle.ui-testing";
		};
/* End PBXNativeTarget section */

/* Begin PBXProject section */
		22BFDB942E12F46900FBB7AF /* Project object */ = {
			isa = PBXProject;
			attributes = {
				BuildIndependentTargetsInParallel = 1;
				LastSwiftUpdateCheck = 1620;
				LastUpgradeCheck = 1620;
				TargetAttributes = {
					22BFDB9B2E12F46900FBB7AF = {
						CreatedOnToolsVersion = 16.2;
					};
					22BFDBAB2E12F47100FBB7AF = {
						CreatedOnToolsVersion = 16.2;
						TestTargetID = 22BFDB9B2E12F46900FBB7AF;
					};
					22BFDBB52E12F47100FBB7AF = {
						CreatedOnToolsVersion = 16.2;
						TestTargetID = 22BFDB9B2E12F46900FBB7AF;
					};
				};
			};
			buildConfigurationList = 22BFDB972E12F46900FBB7AF /* Build configuration list for PBXProject "Freysa" */;
			developmentRegion = en;
			hasScannedForEncodings = 0;
			knownRegions = (
				en,
				Base,
			);
			mainGroup = 22BFDB932E12F46900FBB7AF;
			minimizedProjectReferenceProxies = 1;
			preferredProjectObjectVersion = 77;
			productRefGroup = 22BFDB9D2E12F46900FBB7AF /* Products */;
			projectDirPath = "";
			projectRoot = "";
			targets = (
				22BFDB9B2E12F46900FBB7AF /* Freysa */,
				22BFDBAB2E12F47100FBB7AF /* FreysaTests */,
				22BFDBB52E12F47100FBB7AF /* FreysaUITests */,
			);
		};
/* End PBXProject section */

/* Begin PBXResourcesBuildPhase section */
		22BFDB9A2E12F46900FBB7AF /* Resources */ = {
			isa = PBXResourcesBuildPhase;
			buildActionMask = 2147483647;
			files = (
			);
			runOnlyForDeploymentPostprocessing = 0;
		};
		22BFDBAA2E12F47100FBB7AF /* Resources */ = {
			isa = PBXResourcesBuildPhase;
			buildActionMask = 2147483647;
			files = (
			);
			runOnlyForDeploymentPostprocessing = 0;
		};
		22BFDBB42E12F47100FBB7AF /* Resources */ = {
			isa = PBXResourcesBuildPhase;
			buildActionMask = 2147483647;
			files = (
			);
			runOnlyForDeploymentPostprocessing = 0;
		};
/* End PBXResourcesBuildPhase section */

/* Begin PBXSourcesBuildPhase section */
		22BFDB982E12F46900FBB7AF /* Sources */ = {
			isa = PBXSourcesBuildPhase;
			buildActionMask = 2147483647;
			files = (
			);
			runOnlyForDeploymentPostprocessing = 0;
		};
		22BFDBA82E12F47100FBB7AF /* Sources */ = {
			isa = PBXSourcesBuildPhase;
			buildActionMask = 2147483647;
			files = (
			);
			runOnlyForDeploymentPostprocessing = 0;
		};
		22BFDBB22E12F47100FBB7AF /* Sources */ = {
			isa = PBXSourcesBuildPhase;
			buildActionMask = 2147483647;
			files = (
			);
			runOnlyForDeploymentPostprocessing = 0;
		};
/* End PBXSourcesBuildPhase section */

/* Begin PBXTargetDependency section */
		22BFDBAE2E12F47100FBB7AF /* PBXTargetDependency */ = {
			isa = PBXTargetDependency;
			target = 22BFDB9B2E12F46900FBB7AF /* Freysa */;
			targetProxy = 22BFDBAD2E12F47100FBB7AF /* PBXContainerItemProxy */;
		};
		22BFDBB82E12F47100FBB7AF /* PBXTargetDependency */ = {
			isa = PBXTargetDependency;
			target = 22BFDB9B2E12F46900FBB7AF /* Freysa */;
			targetProxy = 22BFDBB72E12F47100FBB7AF /* PBXContainerItemProxy */;
		};
/* End PBXTargetDependency section */

/* Begin XCBuildConfiguration section */
		22BFDBBE2E12F47100FBB7AF /* Debug */ = {
			isa = XCBuildConfiguration;
			buildSettings = {
				ALWAYS_SEARCH_USER_PATHS = NO;
				ASSETCATALOG_COMPILER_GENERATE_SWIFT_ASSET_SYMBOL_EXTENSIONS = YES;
				CLANG_ANALYZER_NONNULL = YES;
				CLANG_ANALYZER_NUMBER_OBJECT_CONVERSION = YES_AGGRESSIVE;
				CLANG_CXX_LANGUAGE_STANDARD = "gnu++20";
				CLANG_ENABLE_MODULES = YES;
				CLANG_ENABLE_OBJC_ARC = YES;
				CLANG_ENABLE_OBJC_WEAK = YES;
				CLANG_WARN_BLOCK_CAPTURE_AUTORELEASING = YES;
				CLANG_WARN_BOOL_CONVERSION = YES;
				CLANG_WARN_COMMA = YES;
				CLANG_WARN_CONSTANT_CONVERSION = YES;
				CLANG_WARN_DEPRECATED_OBJC_IMPLEMENTATIONS = YES;
				CLANG_WARN_DIRECT_OBJC_ISA_USAGE = YES_ERROR;
				CLANG_WARN_DOCUMENTATION_COMMENTS = YES;
				CLANG_WARN_EMPTY_BODY = YES;
				CLANG_WARN_ENUM_CONVERSION = YES;
				CLANG_WARN_INFINITE_RECURSION = YES;
				CLANG_WARN_INT_CONVERSION = YES;
				CLANG_WARN_NON_LITERAL_NULL_CONVERSION = YES;
				CLANG_WARN_OBJC_IMPLICIT_RETAIN_SELF = YES;
				CLANG_WARN_OBJC_LITERAL_CONVERSION = YES;
				CLANG_WARN_OBJC_ROOT_CLASS = YES_ERROR;
				CLANG_WARN_QUOTED_INCLUDE_IN_FRAMEWORK_HEADER = YES;
				CLANG_WARN_RANGE_LOOP_ANALYSIS = YES;
				CLANG_WARN_STRICT_PROTOTYPES = YES;
				CLANG_WARN_SUSPICIOUS_MOVE = YES;
				CLANG_WARN_UNGUARDED_AVAILABILITY = YES_AGGRESSIVE;
				CLANG_WARN_UNREACHABLE_CODE = YES;
				CLANG_WARN__DUPLICATE_METHOD_MATCH = YES;
				COPY_PHASE_STRIP = NO;
				DEBUG_INFORMATION_FORMAT = dwarf;
				ENABLE_STRICT_OBJC_MSGSEND = YES;
				ENABLE_TESTABILITY = YES;
				ENABLE_USER_SCRIPT_SANDBOXING = YES;
				GCC_C_LANGUAGE_STANDARD = gnu17;
				GCC_DYNAMIC_NO_PIC = NO;
				GCC_NO_COMMON_BLOCKS = YES;
				GCC_OPTIMIZATION_LEVEL = 0;
				GCC_PREPROCESSOR_DEFINITIONS = (
					"DEBUG=1",
					"$(inherited)",
				);
				GCC_WARN_64_TO_32_BIT_CONVERSION = YES;
				GCC_WARN_ABOUT_RETURN_TYPE = YES_ERROR;
				GCC_WARN_UNDECLARED_SELECTOR = YES;
				GCC_WARN_UNINITIALIZED_AUTOS = YES_AGGRESSIVE;
				GCC_WARN_UNUSED_FUNCTION = YES;
				GCC_WARN_UNUSED_VARIABLE = YES;
				IPHONEOS_DEPLOYMENT_TARGET = 18.2;
				LOCALIZATION_PREFERS_STRING_CATALOGS = YES;
				MTL_ENABLE_DEBUG_INFO = INCLUDE_SOURCE;
				MTL_FAST_MATH = YES;
				ONLY_ACTIVE_ARCH = YES;
				SDKROOT = iphoneos;
				SWIFT_ACTIVE_COMPILATION_CONDITIONS = "DEBUG $(inherited)";
				SWIFT_OPTIMIZATION_LEVEL = "-Onone";
			};
			name = Debug;
		};
		22BFDBBF2E12F47100FBB7AF /* Release */ = {
			isa = XCBuildConfiguration;
			buildSettings = {
				ALWAYS_SEARCH_USER_PATHS = NO;
				ASSETCATALOG_COMPILER_GENERATE_SWIFT_ASSET_SYMBOL_EXTENSIONS = YES;
				CLANG_ANALYZER_NONNULL = YES;
				CLANG_ANALYZER_NUMBER_OBJECT_CONVERSION = YES_AGGRESSIVE;
				CLANG_CXX_LANGUAGE_STANDARD = "gnu++20";
				CLANG_ENABLE_MODULES = YES;
				CLANG_ENABLE_OBJC_ARC = YES;
				CLANG_ENABLE_OBJC_WEAK = YES;
				CLANG_WARN_BLOCK_CAPTURE_AUTORELEASING = YES;
				CLANG_WARN_BOOL_CONVERSION = YES;
				CLANG_WARN_COMMA = YES;
				CLANG_WARN_CONSTANT_CONVERSION = YES;
				CLANG_WARN_DEPRECATED_OBJC_IMPLEMENTATIONS = YES;
				CLANG_WARN_DIRECT_OBJC_ISA_USAGE = YES_ERROR;
				CLANG_WARN_DOCUMENTATION_COMMENTS = YES;
				CLANG_WARN_EMPTY_BODY = YES;
				CLANG_WARN_ENUM_CONVERSION = YES;
				CLANG_WARN_INFINITE_RECURSION = YES;
				CLANG_WARN_INT_CONVERSION = YES;
				CLANG_WARN_NON_LITERAL_NULL_CONVERSION = YES;
				CLANG_WARN_OBJC_IMPLICIT_RETAIN_SELF = YES;
				CLANG_WARN_OBJC_LITERAL_CONVERSION = YES;
				CLANG_WARN_OBJC_ROOT_CLASS = YES_ERROR;
				CLANG_WARN_QUOTED_INCLUDE_IN_FRAMEWORK_HEADER = YES;
				CLANG_WARN_RANGE_LOOP_ANALYSIS = YES;
				CLANG_WARN_STRICT_PROTOTYPES = YES;
				CLANG_WARN_SUSPICIOUS_MOVE = YES;
				CLANG_WARN_UNGUARDED_AVAILABILITY = YES_AGGRESSIVE;
				CLANG_WARN_UNREACHABLE_CODE = YES;
				CLANG_WARN__DUPLICATE_METHOD_MATCH = YES;
				COPY_PHASE_STRIP = NO;
				DEBUG_INFORMATION_FORMAT = "dwarf-with-dsym";
				ENABLE_NS_ASSERTIONS = NO;
				ENABLE_STRICT_OBJC_MSGSEND = YES;
				ENABLE_USER_SCRIPT_SANDBOXING = YES;
				GCC_C_LANGUAGE_STANDARD = gnu17;
				GCC_NO_COMMON_BLOCKS = YES;
				GCC_WARN_64_TO_32_BIT_CONVERSION = YES;
				GCC_WARN_ABOUT_RETURN_TYPE = YES_ERROR;
				GCC_WARN_UNDECLARED_SELECTOR = YES;
				GCC_WARN_UNINITIALIZED_AUTOS = YES_AGGRESSIVE;
				GCC_WARN_UNUSED_FUNCTION = YES;
				GCC_WARN_UNUSED_VARIABLE = YES;
				IPHONEOS_DEPLOYMENT_TARGET = 18.2;
				LOCALIZATION_PREFERS_STRING_CATALOGS = YES;
				MTL_ENABLE_DEBUG_INFO = NO;
				MTL_FAST_MATH = YES;
				SDKROOT = iphoneos;
				SWIFT_COMPILATION_MODE = wholemodule;
				VALIDATE_PRODUCT = YES;
			};
			name = Release;
		};
		22BFDBC12E12F47100FBB7AF /* Debug */ = {
			isa = XCBuildConfiguration;
			buildSettings = {
				ASSETCATALOG_COMPILER_APPICON_NAME = AppIcon;
				ASSETCATALOG_COMPILER_GLOBAL_ACCENT_COLOR_NAME = AccentColor;
				CODE_SIGN_STYLE = Automatic;
				CURRENT_PROJECT_VERSION = 1;
				DEVELOPMENT_ASSET_PATHS = "\"Freysa/Preview Content\"";
				ENABLE_PREVIEWS = YES;
				GENERATE_INFOPLIST_FILE = YES;
				INFOPLIST_KEY_UIApplicationSceneManifest_Generation = YES;
				INFOPLIST_KEY_UIApplicationSupportsIndirectInputEvents = YES;
				INFOPLIST_KEY_UILaunchScreen_Generation = YES;
				INFOPLIST_KEY_UISupportedInterfaceOrientations_iPad = "UIInterfaceOrientationPortrait UIInterfaceOrientationPortraitUpsideDown UIInterfaceOrientationLandscapeLeft UIInterfaceOrientationLandscapeRight";
				INFOPLIST_KEY_UISupportedInterfaceOrientations_iPhone = "UIInterfaceOrientationPortrait UIInterfaceOrientationLandscapeLeft UIInterfaceOrientationLandscapeRight";
				LD_RUNPATH_SEARCH_PATHS = (
					"$(inherited)",
					"@executable_path/Frameworks",
				);
				MARKETING_VERSION = 1.0;
				PRODUCT_BUNDLE_IDENTIFIER = com.eternis.Freysa;
				PRODUCT_NAME = "$(TARGET_NAME)";
				SWIFT_EMIT_LOC_STRINGS = YES;
				SWIFT_VERSION = 6.0;
				TARGETED_DEVICE_FAMILY = "1,2";
			};
			name = Debug;
		};
		22BFDBC22E12F47100FBB7AF /* Release */ = {
			isa = XCBuildConfiguration;
			buildSettings = {
				ASSETCATALOG_COMPILER_APPICON_NAME = AppIcon;
				ASSETCATALOG_COMPILER_GLOBAL_ACCENT_COLOR_NAME = AccentColor;
				CODE_SIGN_STYLE = Automatic;
				CURRENT_PROJECT_VERSION = 1;
				DEVELOPMENT_ASSET_PATHS = "\"Freysa/Preview Content\"";
				ENABLE_PREVIEWS = YES;
				GENERATE_INFOPLIST_FILE = YES;
				INFOPLIST_KEY_UIApplicationSceneManifest_Generation = YES;
				INFOPLIST_KEY_UIApplicationSupportsIndirectInputEvents = YES;
				INFOPLIST_KEY_UILaunchScreen_Generation = YES;
				INFOPLIST_KEY_UISupportedInterfaceOrientations_iPad = "UIInterfaceOrientationPortrait UIInterfaceOrientationPortraitUpsideDown UIInterfaceOrientationLandscapeLeft UIInterfaceOrientationLandscapeRight";
				INFOPLIST_KEY_UISupportedInterfaceOrientations_iPhone = "UIInterfaceOrientationPortrait UIInterfaceOrientationLandscapeLeft UIInterfaceOrientationLandscapeRight";
				LD_RUNPATH_SEARCH_PATHS = (
					"$(inherited)",
					"@executable_path/Frameworks",
				);
				MARKETING_VERSION = 1.0;
				PRODUCT_BUNDLE_IDENTIFIER = com.eternis.Freysa;
				PRODUCT_NAME = "$(TARGET_NAME)";
				SWIFT_EMIT_LOC_STRINGS = YES;
				SWIFT_VERSION = 6.0;
				TARGETED_DEVICE_FAMILY = "1,2";
			};
			name = Release;
		};
		22BFDBC42E12F47100FBB7AF /* Debug */ = {
			isa = XCBuildConfiguration;
			buildSettings = {
				BUNDLE_LOADER = "$(TEST_HOST)";
				CODE_SIGN_STYLE = Automatic;
				CURRENT_PROJECT_VERSION = 1;
				GENERATE_INFOPLIST_FILE = YES;
				IPHONEOS_DEPLOYMENT_TARGET = 18.2;
				MARKETING_VERSION = 1.0;
				PRODUCT_BUNDLE_IDENTIFIER = com.eternis.FreysaTests;
				PRODUCT_NAME = "$(TARGET_NAME)";
				SWIFT_EMIT_LOC_STRINGS = NO;
				SWIFT_VERSION = 5.0;
				TARGETED_DEVICE_FAMILY = "1,2";
				TEST_HOST = "$(BUILT_PRODUCTS_DIR)/Freysa.app/$(BUNDLE_EXECUTABLE_FOLDER_PATH)/Freysa";
			};
			name = Debug;
		};
		22BFDBC52E12F47100FBB7AF /* Release */ = {
			isa = XCBuildConfiguration;
			buildSettings = {
				BUNDLE_LOADER = "$(TEST_HOST)";
				CODE_SIGN_STYLE = Automatic;
				CURRENT_PROJECT_VERSION = 1;
				GENERATE_INFOPLIST_FILE = YES;
				IPHONEOS_DEPLOYMENT_TARGET = 18.2;
				MARKETING_VERSION = 1.0;
				PRODUCT_BUNDLE_IDENTIFIER = com.eternis.FreysaTests;
				PRODUCT_NAME = "$(TARGET_NAME)";
				SWIFT_EMIT_LOC_STRINGS = NO;
				SWIFT_VERSION = 5.0;
				TARGETED_DEVICE_FAMILY = "1,2";
				TEST_HOST = "$(BUILT_PRODUCTS_DIR)/Freysa.app/$(BUNDLE_EXECUTABLE_FOLDER_PATH)/Freysa";
			};
			name = Release;
		};
		22BFDBC72E12F47100FBB7AF /* Debug */ = {
			isa = XCBuildConfiguration;
			buildSettings = {
				CODE_SIGN_STYLE = Automatic;
				CURRENT_PROJECT_VERSION = 1;
				GENERATE_INFOPLIST_FILE = YES;
				MARKETING_VERSION = 1.0;
				PRODUCT_BUNDLE_IDENTIFIER = com.eternis.FreysaUITests;
				PRODUCT_NAME = "$(TARGET_NAME)";
				SWIFT_EMIT_LOC_STRINGS = NO;
				SWIFT_VERSION = 5.0;
				TARGETED_DEVICE_FAMILY = "1,2";
				TEST_TARGET_NAME = Freysa;
			};
			name = Debug;
		};
		22BFDBC82E12F47100FBB7AF /* Release */ = {
			isa = XCBuildConfiguration;
			buildSettings = {
				CODE_SIGN_STYLE = Automatic;
				CURRENT_PROJECT_VERSION = 1;
				GENERATE_INFOPLIST_FILE = YES;
				MARKETING_VERSION = 1.0;
				PRODUCT_BUNDLE_IDENTIFIER = com.eternis.FreysaUITests;
				PRODUCT_NAME = "$(TARGET_NAME)";
				SWIFT_EMIT_LOC_STRINGS = NO;
				SWIFT_VERSION = 5.0;
				TARGETED_DEVICE_FAMILY = "1,2";
				TEST_TARGET_NAME = Freysa;
			};
			name = Release;
		};
/* End XCBuildConfiguration section */

/* Begin XCConfigurationList section */
		22BFDB972E12F46900FBB7AF /* Build configuration list for PBXProject "Freysa" */ = {
			isa = XCConfigurationList;
			buildConfigurations = (
				22BFDBBE2E12F47100FBB7AF /* Debug */,
				22BFDBBF2E12F47100FBB7AF /* Release */,
			);
			defaultConfigurationIsVisible = 0;
			defaultConfigurationName = Release;
		};
		22BFDBC02E12F47100FBB7AF /* Build configuration list for PBXNativeTarget "Freysa" */ = {
			isa = XCConfigurationList;
			buildConfigurations = (
				22BFDBC12E12F47100FBB7AF /* Debug */,
				22BFDBC22E12F47100FBB7AF /* Release */,
			);
			defaultConfigurationIsVisible = 0;
			defaultConfigurationName = Release;
		};
		22BFDBC32E12F47100FBB7AF /* Build configuration list for PBXNativeTarget "FreysaTests" */ = {
			isa = XCConfigurationList;
			buildConfigurations = (
				22BFDBC42E12F47100FBB7AF /* Debug */,
				22BFDBC52E12F47100FBB7AF /* Release */,
			);
			defaultConfigurationIsVisible = 0;
			defaultConfigurationName = Release;
		};
		22BFDBC62E12F47100FBB7AF /* Build configuration list for PBXNativeTarget "FreysaUITests" */ = {
			isa = XCConfigurationList;
			buildConfigurations = (
				22BFDBC72E12F47100FBB7AF /* Debug */,
				22BFDBC82E12F47100FBB7AF /* Release */,
			);
			defaultConfigurationIsVisible = 0;
			defaultConfigurationName = Release;
		};
/* End XCConfigurationList section */
	};
	rootObject = 22BFDB942E12F46900FBB7AF /* Project object */;
}
